// !$*UTF8*$!
{
	archiveVersion = 1;
	classes = {
	};
	objectVersion = 46;
	objects = {

/* Begin PBXBuildFile section */
		376355D51A480EF0008907C8 /* main.m in Sources */ = {isa = PBXBuildFile; fileRef = 376355D41A480EF0008907C8 /* main.m */; };
		376355D81A480EF0008907C8 /* AppDelegate.m in Sources */ = {isa = PBXBuildFile; fileRef = 376355D71A480EF0008907C8 /* AppDelegate.m */; };
		376355DB1A480EF0008907C8 /* ViewController.m in Sources */ = {isa = PBXBuildFile; fileRef = 376355DA1A480EF0008907C8 /* ViewController.m */; };
		376355DE1A480EF0008907C8 /* Main.storyboard in Resources */ = {isa = PBXBuildFile; fileRef = 376355DC1A480EF0008907C8 /* Main.storyboard */; };
		376355E01A480EF0008907C8 /* Images.xcassets in Resources */ = {isa = PBXBuildFile; fileRef = 376355DF1A480EF0008907C8 /* Images.xcassets */; };
		376355E31A480EF0008907C8 /* LaunchScreen.xib in Resources */ = {isa = PBXBuildFile; fileRef = 376355E11A480EF0008907C8 /* LaunchScreen.xib */; };
		376355EF1A480EF0008907C8 /* PushNotificationsTests.m in Sources */ = {isa = PBXBuildFile; fileRef = 376355EE1A480EF0008907C8 /* PushNotificationsTests.m */; };
/* End PBXBuildFile section */

/* Begin PBXContainerItemProxy section */
		376355E91A480EF0008907C8 /* PBXContainerItemProxy */ = {
			isa = PBXContainerItemProxy;
			containerPortal = 376355C71A480EF0008907C8 /* Project object */;
			proxyType = 1;
			remoteGlobalIDString = 376355CE1A480EF0008907C8;
			remoteInfo = PushNotifications;
		};
/* End PBXContainerItemProxy section */

/* Begin PBXFileReference section */
		376355CF1A480EF0008907C8 /* PushNotifications.app */ = {isa = PBXFileReference; explicitFileType = wrapper.application; includeInIndex = 0; path = PushNotifications.app; sourceTree = BUILT_PRODUCTS_DIR; };
		376355D31A480EF0008907C8 /* Info.plist */ = {isa = PBXFileReference; lastKnownFileType = text.plist.xml; path = Info.plist; sourceTree = "<group>"; };
		376355D41A480EF0008907C8 /* main.m */ = {isa = PBXFileReference; lastKnownFileType = sourcecode.c.objc; path = main.m; sourceTree = "<group>"; };
		376355D61A480EF0008907C8 /* AppDelegate.h */ = {isa = PBXFileReference; lastKnownFileType = sourcecode.c.h; path = AppDelegate.h; sourceTree = "<group>"; };
		376355D71A480EF0008907C8 /* AppDelegate.m */ = {isa = PBXFileReference; lastKnownFileType = sourcecode.c.objc; path = AppDelegate.m; sourceTree = "<group>"; };
		376355D91A480EF0008907C8 /* ViewController.h */ = {isa = PBXFileReference; lastKnownFileType = sourcecode.c.h; path = ViewController.h; sourceTree = "<group>"; };
		376355DA1A480EF0008907C8 /* ViewController.m */ = {isa = PBXFileReference; lastKnownFileType = sourcecode.c.objc; path = ViewController.m; sourceTree = "<group>"; };
		376355DD1A480EF0008907C8 /* Base */ = {isa = PBXFileReference; lastKnownFileType = file.storyboard; name = Base; path = Base.lproj/Main.storyboard; sourceTree = "<group>"; };
		376355DF1A480EF0008907C8 /* Images.xcassets */ = {isa = PBXFileReference; lastKnownFileType = folder.assetcatalog; path = Images.xcassets; sourceTree = "<group>"; };
		376355E21A480EF0008907C8 /* Base */ = {isa = PBXFileReference; lastKnownFileType = file.xib; name = Base; path = Base.lproj/LaunchScreen.xib; sourceTree = "<group>"; };
		376355E81A480EF0008907C8 /* PushNotificationsTests.xctest */ = {isa = PBXFileReference; explicitFileType = wrapper.cfbundle; includeInIndex = 0; path = PushNotificationsTests.xctest; sourceTree = BUILT_PRODUCTS_DIR; };
		376355ED1A480EF0008907C8 /* Info.plist */ = {isa = PBXFileReference; lastKnownFileType = text.plist.xml; path = Info.plist; sourceTree = "<group>"; };
		376355EE1A480EF0008907C8 /* PushNotificationsTests.m */ = {isa = PBXFileReference; lastKnownFileType = sourcecode.c.objc; path = PushNotificationsTests.m; sourceTree = "<group>"; };
/* End PBXFileReference section */

/* Begin PBXFrameworksBuildPhase section */
		376355CC1A480EF0008907C8 /* Frameworks */ = {
			isa = PBXFrameworksBuildPhase;
			buildActionMask = 2147483647;
			files = (
			);
			runOnlyForDeploymentPostprocessing = 0;
		};
		376355E51A480EF0008907C8 /* Frameworks */ = {
			isa = PBXFrameworksBuildPhase;
			buildActionMask = 2147483647;
			files = (
			);
			runOnlyForDeploymentPostprocessing = 0;
		};
/* End PBXFrameworksBuildPhase section */

/* Begin PBXGroup section */
		376355C61A480EF0008907C8 = {
			isa = PBXGroup;
			children = (
				376355D11A480EF0008907C8 /* PushNotifications */,
				376355EB1A480EF0008907C8 /* PushNotificationsTests */,
				376355D01A480EF0008907C8 /* Products */,
			);
			sourceTree = "<group>";
		};
		376355D01A480EF0008907C8 /* Products */ = {
			isa = PBXGroup;
			children = (
				376355CF1A480EF0008907C8 /* PushNotifications.app */,
				376355E81A480EF0008907C8 /* PushNotificationsTests.xctest */,
			);
			name = Products;
			sourceTree = "<group>";
		};
		376355D11A480EF0008907C8 /* PushNotifications */ = {
			isa = PBXGroup;
			children = (
				376355D61A480EF0008907C8 /* AppDelegate.h */,
				376355D71A480EF0008907C8 /* AppDelegate.m */,
				376355D91A480EF0008907C8 /* ViewController.h */,
				376355DA1A480EF0008907C8 /* ViewController.m */,
				376355DC1A480EF0008907C8 /* Main.storyboard */,
				376355DF1A480EF0008907C8 /* Images.xcassets */,
				376355E11A480EF0008907C8 /* LaunchScreen.xib */,
				376355D21A480EF0008907C8 /* Supporting Files */,
			);
			path = PushNotifications;
			sourceTree = "<group>";
		};
		376355D21A480EF0008907C8 /* Supporting Files */ = {
			isa = PBXGroup;
			children = (
				376355D31A480EF0008907C8 /* Info.plist */,
				376355D41A480EF0008907C8 /* main.m */,
			);
			name = "Supporting Files";
			sourceTree = "<group>";
		};
		376355EB1A480EF0008907C8 /* PushNotificationsTests */ = {
			isa = PBXGroup;
			children = (
				376355EE1A480EF0008907C8 /* PushNotificationsTests.m */,
				376355EC1A480EF0008907C8 /* Supporting Files */,
			);
			path = PushNotificationsTests;
			sourceTree = "<group>";
		};
		376355EC1A480EF0008907C8 /* Supporting Files */ = {
			isa = PBXGroup;
			children = (
				376355ED1A480EF0008907C8 /* Info.plist */,
			);
			name = "Supporting Files";
			sourceTree = "<group>";
		};
/* End PBXGroup section */

/* Begin PBXNativeTarget section */
		376355CE1A480EF0008907C8 /* PushNotifications */ = {
			isa = PBXNativeTarget;
			buildConfigurationList = 376355F21A480EF0008907C8 /* Build configuration list for PBXNativeTarget "PushNotifications" */;
			buildPhases = (
				376355CB1A480EF0008907C8 /* Sources */,
				376355CC1A480EF0008907C8 /* Frameworks */,
				376355CD1A480EF0008907C8 /* Resources */,
			);
			buildRules = (
			);
			dependencies = (
			);
			name = PushNotifications;
			productName = PushNotifications;
			productReference = 376355CF1A480EF0008907C8 /* PushNotifications.app */;
			productType = "com.apple.product-type.application";
		};
		376355E71A480EF0008907C8 /* PushNotificationsTests */ = {
			isa = PBXNativeTarget;
			buildConfigurationList = 376355F51A480EF0008907C8 /* Build configuration list for PBXNativeTarget "PushNotificationsTests" */;
			buildPhases = (
				376355E41A480EF0008907C8 /* Sources */,
				376355E51A480EF0008907C8 /* Frameworks */,
				376355E61A480EF0008907C8 /* Resources */,
			);
			buildRules = (
			);
			dependencies = (
				376355EA1A480EF0008907C8 /* PBXTargetDependency */,
			);
			name = PushNotificationsTests;
			productName = PushNotificationsTests;
			productReference = 376355E81A480EF0008907C8 /* PushNotificationsTests.xctest */;
			productType = "com.apple.product-type.bundle.unit-test";
		};
/* End PBXNativeTarget section */

/* Begin PBXProject section */
		376355C71A480EF0008907C8 /* Project object */ = {
			isa = PBXProject;
			attributes = {
				LastUpgradeCheck = 0610;
				ORGANIZATIONNAME = "Iniqua Labs";
				TargetAttributes = {
					376355CE1A480EF0008907C8 = {
						CreatedOnToolsVersion = 6.1.1;
					};
					376355E71A480EF0008907C8 = {
						CreatedOnToolsVersion = 6.1.1;
						TestTargetID = 376355CE1A480EF0008907C8;
					};
				};
			};
			buildConfigurationList = 376355CA1A480EF0008907C8 /* Build configuration list for PBXProject "PushNotifications" */;
			compatibilityVersion = "Xcode 3.2";
			developmentRegion = English;
			hasScannedForEncodings = 0;
			knownRegions = (
				en,
				Base,
			);
			mainGroup = 376355C61A480EF0008907C8;
			productRefGroup = 376355D01A480EF0008907C8 /* Products */;
			projectDirPath = "";
			projectRoot = "";
			targets = (
				376355CE1A480EF0008907C8 /* PushNotifications */,
				376355E71A480EF0008907C8 /* PushNotificationsTests */,
			);
		};
/* End PBXProject section */

/* Begin PBXResourcesBuildPhase section */
		376355CD1A480EF0008907C8 /* Resources */ = {
			isa = PBXResourcesBuildPhase;
			buildActionMask = 2147483647;
			files = (
				376355DE1A480EF0008907C8 /* Main.storyboard in Resources */,
				376355E31A480EF0008907C8 /* LaunchScreen.xib in Resources */,
				376355E01A480EF0008907C8 /* Images.xcassets in Resources */,
			);
			runOnlyForDeploymentPostprocessing = 0;
		};
		376355E61A480EF0008907C8 /* Resources */ = {
			isa = PBXResourcesBuildPhase;
			buildActionMask = 2147483647;
			files = (
			);
			runOnlyForDeploymentPostprocessing = 0;
		};
/* End PBXResourcesBuildPhase section */

/* Begin PBXSourcesBuildPhase section */
		376355CB1A480EF0008907C8 /* Sources */ = {
			isa = PBXSourcesBuildPhase;
			buildActionMask = 2147483647;
			files = (
				376355DB1A480EF0008907C8 /* ViewController.m in Sources */,
				376355D81A480EF0008907C8 /* AppDelegate.m in Sources */,
				376355D51A480EF0008907C8 /* main.m in Sources */,
			);
			runOnlyForDeploymentPostprocessing = 0;
		};
		376355E41A480EF0008907C8 /* Sources */ = {
			isa = PBXSourcesBuildPhase;
			buildActionMask = 2147483647;
			files = (
				376355EF1A480EF0008907C8 /* PushNotificationsTests.m in Sources */,
			);
			runOnlyForDeploymentPostprocessing = 0;
		};
/* End PBXSourcesBuildPhase section */

/* Begin PBXTargetDependency section */
		376355EA1A480EF0008907C8 /* PBXTargetDependency */ = {
			isa = PBXTargetDependency;
			target = 376355CE1A480EF0008907C8 /* PushNotifications */;
			targetProxy = 376355E91A480EF0008907C8 /* PBXContainerItemProxy */;
		};
/* End PBXTargetDependency section */

/* Begin PBXVariantGroup section */
		376355DC1A480EF0008907C8 /* Main.storyboard */ = {
			isa = PBXVariantGroup;
			children = (
				376355DD1A480EF0008907C8 /* Base */,
			);
			name = Main.storyboard;
			sourceTree = "<group>";
		};
		376355E11A480EF0008907C8 /* LaunchScreen.xib */ = {
			isa = PBXVariantGroup;
			children = (
				376355E21A480EF0008907C8 /* Base */,
			);
			name = LaunchScreen.xib;
			sourceTree = "<group>";
		};
/* End PBXVariantGroup section */

/* Begin XCBuildConfiguration section */
		376355F01A480EF0008907C8 /* Debug */ = {
			isa = XCBuildConfiguration;
			buildSettings = {
				ALWAYS_SEARCH_USER_PATHS = NO;
				CLANG_CXX_LANGUAGE_STANDARD = "gnu++0x";
				CLANG_CXX_LIBRARY = "libc++";
				CLANG_ENABLE_MODULES = YES;
				CLANG_ENABLE_OBJC_ARC = YES;
				CLANG_WARN_BOOL_CONVERSION = YES;
				CLANG_WARN_CONSTANT_CONVERSION = YES;
				CLANG_WARN_DIRECT_OBJC_ISA_USAGE = YES_ERROR;
				CLANG_WARN_EMPTY_BODY = YES;
				CLANG_WARN_ENUM_CONVERSION = YES;
				CLANG_WARN_INT_CONVERSION = YES;
				CLANG_WARN_OBJC_ROOT_CLASS = YES_ERROR;
				CLANG_WARN_UNREACHABLE_CODE = YES;
				CLANG_WARN__DUPLICATE_METHOD_MATCH = YES;
				"CODE_SIGN_IDENTITY[sdk=iphoneos*]" = "iPhone Developer";
				COPY_PHASE_STRIP = NO;
				ENABLE_STRICT_OBJC_MSGSEND = YES;
				GCC_C_LANGUAGE_STANDARD = gnu99;
				GCC_DYNAMIC_NO_PIC = NO;
				GCC_OPTIMIZATION_LEVEL = 0;
				GCC_PREPROCESSOR_DEFINITIONS = (
					"DEBUG=1",
					"$(inherited)",
				);
				GCC_SYMBOLS_PRIVATE_EXTERN = NO;
				GCC_WARN_64_TO_32_BIT_CONVERSION = YES;
				GCC_WARN_ABOUT_RETURN_TYPE = YES_ERROR;
				GCC_WARN_UNDECLARED_SELECTOR = YES;
				GCC_WARN_UNINITIALIZED_AUTOS = YES_AGGRESSIVE;
				GCC_WARN_UNUSED_FUNCTION = YES;
				GCC_WARN_UNUSED_VARIABLE = YES;
				IPHONEOS_DEPLOYMENT_TARGET = 8.1;
				MTL_ENABLE_DEBUG_INFO = YES;
				ONLY_ACTIVE_ARCH = YES;
				SDKROOT = iphoneos;
				TARGETED_DEVICE_FAMILY = "1,2";
			};
			name = Debug;
		};
		376355F11A480EF0008907C8 /* Release */ = {
			isa = XCBuildConfiguration;
			buildSettings = {
				ALWAYS_SEARCH_USER_PATHS = NO;
				CLANG_CXX_LANGUAGE_STANDARD = "gnu++0x";
				CLANG_CXX_LIBRARY = "libc++";
				CLANG_ENABLE_MODULES = YES;
				CLANG_ENABLE_OBJC_ARC = YES;
				CLANG_WARN_BOOL_CONVERSION = YES;
				CLANG_WARN_CONSTANT_CONVERSION = YES;
				CLANG_WARN_DIRECT_OBJC_ISA_USAGE = YES_ERROR;
				CLANG_WARN_EMPTY_BODY = YES;
				CLANG_WARN_ENUM_CONVERSION = YES;
				CLANG_WARN_INT_CONVERSION = YES;
				CLANG_WARN_OBJC_ROOT_CLASS = YES_ERROR;
				CLANG_WARN_UNREACHABLE_CODE = YES;
				CLANG_WARN__DUPLICATE_METHOD_MATCH = YES;
				"CODE_SIGN_IDENTITY[sdk=iphoneos*]" = "iPhone Developer";
				COPY_PHASE_STRIP = YES;
				ENABLE_NS_ASSERTIONS = NO;
				ENABLE_STRICT_OBJC_MSGSEND = YES;
				GCC_C_LANGUAGE_STANDARD = gnu99;
				GCC_WARN_64_TO_32_BIT_CONVERSION = YES;
				GCC_WARN_ABOUT_RETURN_TYPE = YES_ERROR;
				GCC_WARN_UNDECLARED_SELECTOR = YES;
				GCC_WARN_UNINITIALIZED_AUTOS = YES_AGGRESSIVE;
				GCC_WARN_UNUSED_FUNCTION = YES;
				GCC_WARN_UNUSED_VARIABLE = YES;
				IPHONEOS_DEPLOYMENT_TARGET = 8.1;
				MTL_ENABLE_DEBUG_INFO = NO;
				SDKROOT = iphoneos;
				TARGETED_DEVICE_FAMILY = "1,2";
				VALIDATE_PRODUCT = YES;
			};
			name = Release;
		};
		376355F31A480EF0008907C8 /* Debug */ = {
			isa = XCBuildConfiguration;
			buildSettings = {
				ASSETCATALOG_COMPILER_APPICON_NAME = AppIcon;
				INFOPLIST_FILE = PushNotifications/Info.plist;
				LD_RUNPATH_SEARCH_PATHS = "$(inherited) @executable_path/Frameworks";
				PRODUCT_NAME = "$(TARGET_NAME)";
			};
			name = Debug;
		};
		376355F41A480EF0008907C8 /* Release */ = {
			isa = XCBuildConfiguration;
			buildSettings = {
				ASSETCATALOG_COMPILER_APPICON_NAME = AppIcon;
				INFOPLIST_FILE = PushNotifications/Info.plist;
				LD_RUNPATH_SEARCH_PATHS = "$(inherited) @executable_path/Frameworks";
				PRODUCT_NAME = "$(TARGET_NAME)";
			};
			name = Release;
		};
		376355F61A480EF0008907C8 /* Debug */ = {
			isa = XCBuildConfiguration;
			buildSettings = {
				BUNDLE_LOADER = "$(TEST_HOST)";
				FRAMEWORK_SEARCH_PATHS = (
					"$(SDKROOT)/Developer/Library/Frameworks",
					"$(inherited)",
				);
				GCC_PREPROCESSOR_DEFINITIONS = (
					"DEBUG=1",
					"$(inherited)",
				);
				INFOPLIST_FILE = PushNotificationsTests/Info.plist;
				LD_RUNPATH_SEARCH_PATHS = "$(inherited) @executable_path/Frameworks @loader_path/Frameworks";
				PRODUCT_NAME = "$(TARGET_NAME)";
				TEST_HOST = "$(BUILT_PRODUCTS_DIR)/PushNotifications.app/PushNotifications";
			};
			name = Debug;
		};
		376355F71A480EF0008907C8 /* Release */ = {
			isa = XCBuildConfiguration;
			buildSettings = {
				BUNDLE_LOADER = "$(TEST_HOST)";
				FRAMEWORK_SEARCH_PATHS = (
					"$(SDKROOT)/Developer/Library/Frameworks",
					"$(inherited)",
				);
				INFOPLIST_FILE = PushNotificationsTests/Info.plist;
				LD_RUNPATH_SEARCH_PATHS = "$(inherited) @executable_path/Frameworks @loader_path/Frameworks";
				PRODUCT_NAME = "$(TARGET_NAME)";
				TEST_HOST = "$(BUILT_PRODUCTS_DIR)/PushNotifications.app/PushNotifications";
			};
			name = Release;
		};
/* End XCBuildConfiguration section */

/* Begin XCConfigurationList section */
		376355CA1A480EF0008907C8 /* Build configuration list for PBXProject "PushNotifications" */ = {
			isa = XCConfigurationList;
			buildConfigurations = (
				376355F01A480EF0008907C8 /* Debug */,
				376355F11A480EF0008907C8 /* Release */,
			);
			defaultConfigurationIsVisible = 0;
			defaultConfigurationName = Release;
		};
		376355F21A480EF0008907C8 /* Build configuration list for PBXNativeTarget "PushNotifications" */ = {
			isa = XCConfigurationList;
			buildConfigurations = (
				376355F31A480EF0008907C8 /* Debug */,
				376355F41A480EF0008907C8 /* Release */,
			);
			defaultConfigurationIsVisible = 0;
		};
		376355F51A480EF0008907C8 /* Build configuration list for PBXNativeTarget "PushNotificationsTests" */ = {
			isa = XCConfigurationList;
			buildConfigurations = (
				376355F61A480EF0008907C8 /* Debug */,
				376355F71A480EF0008907C8 /* Release */,
			);
			defaultConfigurationIsVisible = 0;
		};
/* End XCConfigurationList section */
	};
	rootObject = 376355C71A480EF0008907C8 /* Project object */;
}
